// !$*UTF8*$!
{
	archiveVersion = 1;
	classes = {
	};
	objectVersion = 54;
	objects = {

/* Begin PBXBuildFile section */
		0C80B921A6F3F58F76C31292 /* libPods-SuperCanteen.a in Frameworks */ = {isa = PBXBuildFile; fileRef = 5DCACB8F33CDC322A6C60F78 /* libPods-SuperCanteen.a */; };
		13B07FBF1A68108700A75B9A /* Images.xcassets in Resources */ = {isa = PBXBuildFile; fileRef = 13B07FB51A68108700A75B9A /* Images.xcassets */; };
		761780ED2CA45674006654EE /* AppDelegate.swift in Sources */ = {isa = PBXBuildFile; fileRef = 761780EC2CA45674006654EE /* AppDelegate.swift */; };
		81AB9BB82411601600AC10FF /* LaunchScreen.storyboard in Resources */ = {isa = PBXBuildFile; fileRef = 81AB9BB72411601600AC10FF /* LaunchScreen.storyboard */; };
		79A9808D3FC0454884C3AD6B /* Inter-Black.otf in Resources */ = {isa = PBXBuildFile; fileRef = 7FCB714F59A848D19FB8DC92 /* Inter-Black.otf */; };
		684BC8519261450FA15F1D47 /* Inter-BlackItalic.otf in Resources */ = {isa = PBXBuildFile; fileRef = 3658896EC2E044AA9B6A120D /* Inter-BlackItalic.otf */; };
		20956B66D39B468AAAE3102A /* Inter-Bold.otf in Resources */ = {isa = PBXBuildFile; fileRef = 2D4779DC8D574732887899B5 /* Inter-Bold.otf */; };
		070D8AA8F76F4406A2B2EA46 /* Inter-BoldItalic.otf in Resources */ = {isa = PBXBuildFile; fileRef = 27EA984E36CB4E0E8BD84D86 /* Inter-BoldItalic.otf */; };
		9AD68C13B3B24CDB9600E586 /* Inter-ExtraBold.otf in Resources */ = {isa = PBXBuildFile; fileRef = 71882E304C384F9AA67CE5BE /* Inter-ExtraBold.otf */; };
		872341B67F284D4C87106AEC /* Inter-ExtraBoldItalic.otf in Resources */ = {isa = PBXBuildFile; fileRef = 42B22E757F2543E186505DC8 /* Inter-ExtraBoldItalic.otf */; };
		986C1A52CE57426B82719D41 /* Inter-ExtraLight-BETA.otf in Resources */ = {isa = PBXBuildFile; fileRef = 9832FC10EA084E3087D52371 /* Inter-ExtraLight-BETA.otf */; };
		31C1DB5E0709460D8C5AF68D /* Inter-ExtraLightItalic-BETA.otf in Resources */ = {isa = PBXBuildFile; fileRef = 0A3EF259A0794AC38417788C /* Inter-ExtraLightItalic-BETA.otf */; };
		C6EA9451C4964F86B8173BE9 /* Inter-Italic.otf in Resources */ = {isa = PBXBuildFile; fileRef = D00AB8B0F7874C18AF36F43A /* Inter-Italic.otf */; };
		A5C056FBE99F45479243632A /* Inter-Light-BETA.otf in Resources */ = {isa = PBXBuildFile; fileRef = 2D45A386D6DF44ABA45B5C76 /* Inter-Light-BETA.otf */; };
		1B4C3FC066F242A5A33489A1 /* Inter-LightItalic-BETA.otf in Resources */ = {isa = PBXBuildFile; fileRef = 7F3CD09DF4494AFBBB9EC788 /* Inter-LightItalic-BETA.otf */; };
		BB1C03863EC44C99AAA7C64F /* Inter-Medium.otf in Resources */ = {isa = PBXBuildFile; fileRef = 4993B64757F946DFB9CD561C /* Inter-Medium.otf */; };
		84E8642979374EB28B04A742 /* Inter-MediumItalic.otf in Resources */ = {isa = PBXBuildFile; fileRef = DA42F87E50A549B68E1E310C /* Inter-MediumItalic.otf */; };
		157BF5ECEF644F59945DCEA5 /* Inter-Regular.otf in Resources */ = {isa = PBXBuildFile; fileRef = B64DF5EA0A984C3F9AE25F99 /* Inter-Regular.otf */; };
		C419FD0E96FE49FE9B7580A2 /* Inter-SemiBold.otf in Resources */ = {isa = PBXBuildFile; fileRef = BEF9E54F35F0488EA2AE02E9 /* Inter-SemiBold.otf */; };
		238B655FD1C844D693C7DC59 /* Inter-SemiBoldItalic.otf in Resources */ = {isa = PBXBuildFile; fileRef = 637445884D864791A1501F89 /* Inter-SemiBoldItalic.otf */; };
		EC8957BCB05C40178277B548 /* Inter-Thin-BETA.otf in Resources */ = {isa = PBXBuildFile; fileRef = 7D10D04AA6B848C6AB471338 /* Inter-Thin-BETA.otf */; };
		761A7168928744038364E96E /* Inter-ThinItalic-BETA.otf in Resources */ = {isa = PBXBuildFile; fileRef = 13E39977725C42F285577B8E /* Inter-ThinItalic-BETA.otf */; };
		71B43347222A436D852D0295 /* help-chat.png in Resources */ = {isa = PBXBuildFile; fileRef = B1A34E24A0B64C4CA90EC440 /* help-chat.png */; };
		0EF8E42C139944ABB87E682B /* help-order.png in Resources */ = {isa = PBXBuildFile; fileRef = 31462F814C0F4D569734EAF3 /* help-order.png */; };
		6F1AC13551B34471A4860921 /* add_home.png in Resources */ = {isa = PBXBuildFile; fileRef = 55925990CFE64654BA3BB435 /* add_home.png */; };
		9577A7D982724DC6B934DCD8 /* AlIcons.png in Resources */ = {isa = PBXBuildFile; fileRef = 8CF7F3E35D2744899FCE9B65 /* AlIcons.png */; };
		29775989F5E347838B8B8E21 /* Bag.png in Resources */ = {isa = PBXBuildFile; fileRef = 5383FC5DE6914274A13E2540 /* Bag.png */; };
		6CBDA2C7C9E94968BE297BF8 /* currency_rupee_circle.png in Resources */ = {isa = PBXBuildFile; fileRef = 4F0B961D6A104D73B5F55C80 /* currency_rupee_circle.png */; };
		0571E10105D44C4BB85ECC58 /* delivery_truck_speed.png in Resources */ = {isa = PBXBuildFile; fileRef = 5B480955DA384275A4779E4A /* delivery_truck_speed.png */; };
		B445A77658E84C0580023905 /* deployed_code_account.png in Resources */ = {isa = PBXBuildFile; fileRef = A6B01B6D83FA40CA9EFFD26A /* deployed_code_account.png */; };
		AE57B31E133C4A1E91E9C91F /* emptyCart.jpg in Resources */ = {isa = PBXBuildFile; fileRef = A6478394D5C549D9A2FE8A05 /* emptyCart.jpg */; };
		3AFF6D68CF98418A8C44F01A /* emptyWishlist.jpg in Resources */ = {isa = PBXBuildFile; fileRef = 07B75D7562A547D1BB9FCC4C /* emptyWishlist.jpg */; };
		8C61CF5942E843C5B8370B17 /* GoogleIcon.png in Resources */ = {isa = PBXBuildFile; fileRef = 0781D368FE3B419BACE600B7 /* GoogleIcon.png */; };
		218B7707E29F497BBA1D0314 /* money_bag.png in Resources */ = {isa = PBXBuildFile; fileRef = 034F450807824CECB16666BC /* money_bag.png */; };
		278EA9046B4F4DFC82BD0B7E /* shopping_cart.png in Resources */ = {isa = PBXBuildFile; fileRef = 192566404F774ED786401A51 /* shopping_cart.png */; };
		6567975745E941369B891D4A /* account_circle.js in Resources */ = {isa = PBXBuildFile; fileRef = 5FDF98C8BF2442C5BCCB8962 /* account_circle.js */; };
		BF5AE03E35214C88A2534053 /* arrow_back.js in Resources */ = {isa = PBXBuildFile; fileRef = 5F29FF11657D4354990B146F /* arrow_back.js */; };
		FF92DFFD41774A5CA3D5240D /* category.js in Resources */ = {isa = PBXBuildFile; fileRef = CE7785C966D84A868042A182 /* category.js */; };
		197B355977CA4BA39F7B590C /* checkBoxIcon.js in Resources */ = {isa = PBXBuildFile; fileRef = B86EBBD2678B45BBB7388FFF /* checkBoxIcon.js */; };
		C8AFEF58D4774F36A159A58B /* close.js in Resources */ = {isa = PBXBuildFile; fileRef = 902370D0C32D4D60ABDE3FC3 /* close.js */; };
		725FD5C5F33D4B2F9B205BEC /* copy.js in Resources */ = {isa = PBXBuildFile; fileRef = 45594E6346FB407C980148B0 /* copy.js */; };
		9A0423C46B36490BBAB8BBFF /* currencyRupees.js in Resources */ = {isa = PBXBuildFile; fileRef = FB830FCBFAD74EA99B1C88FB /* currencyRupees.js */; };
		5E49E5A8BECC40EDB2C97D61 /* home.js in Resources */ = {isa = PBXBuildFile; fileRef = 60CB2B6ED10B4E2EAAB213C4 /* home.js */; };
		12A08FCAE7B1409C96AF4B6C /* orders.js in Resources */ = {isa = PBXBuildFile; fileRef = 49EF1A364BDA4B9B87CCFDC4 /* orders.js */; };
		BD2633A6CD1B4D4EAA0231D1 /* policyIcon.js in Resources */ = {isa = PBXBuildFile; fileRef = CE4FF2EE153E42A585F0187E /* policyIcon.js */; };
		C2C4643867684A4C829CAED3 /* search.js in Resources */ = {isa = PBXBuildFile; fileRef = FCE86F0AD9F9447BBF1ECAF9 /* search.js */; };
		A75AF6AA08F54FB582D78AEE /* animation.json in Resources */ = {isa = PBXBuildFile; fileRef = EECFC44C3956423BA73A80E9 /* animation.json */; };
		1E6FB11CC8A04A4E87091637 /* notification.json in Resources */ = {isa = PBXBuildFile; fileRef = B3C295B1C9F5452A97445B75 /* notification.json */; };
		6266AD2B40B847569EF15B76 /* shopping.json in Resources */ = {isa = PBXBuildFile; fileRef = 192D65C8D7774CD3AED4A7A0 /* shopping.json */; };
		8BB9BCBA0DB242D2B2086955 /* success.json in Resources */ = {isa = PBXBuildFile; fileRef = 63886B9999214832A17DB203 /* success.json */; };
		55AB47CCF197400F8A890F38 /* no-order.png in Resources */ = {isa = PBXBuildFile; fileRef = 4F51EB62B72B4A77AB8BF25A /* no-order.png */; };
		38C417B3A38D41F38DFA2EFB /* OrderPlaced.png in Resources */ = {isa = PBXBuildFile; fileRef = 41A748F157CE4959B865F96C /* OrderPlaced.png */; };
		461D2DDC41214FCEB1C449DD /* spalshLogo.png in Resources */ = {isa = PBXBuildFile; fileRef = 77BEA2BBF373408286FA5419 /* spalshLogo.png */; };
/* End PBXBuildFile section */

/* Begin PBXContainerItemProxy section */
		00E356F41AD99517003FC87E /* PBXContainerItemProxy */ = {
			isa = PBXContainerItemProxy;
			containerPortal = 83CBB9F71A601CBA00E9B192 /* Project object */;
			proxyType = 1;
			remoteGlobalIDString = 13B07F861A680F5B00A75B9A;
			remoteInfo = SuperCanteen;
		};
/* End PBXContainerItemProxy section */

/* Begin PBXFileReference section */
		00E356F11AD99517003FC87E /* Info.plist */ = {isa = PBXFileReference; lastKnownFileType = text.plist.xml; path = Info.plist; sourceTree = "<group>"; };
		13B07F961A680F5B00A75B9A /* SuperCanteen.app */ = {isa = PBXFileReference; explicitFileType = wrapper.application; includeInIndex = 0; path = SuperCanteen.app; sourceTree = BUILT_PRODUCTS_DIR; };
		13B07FB51A68108700A75B9A /* Images.xcassets */ = {isa = PBXFileReference; lastKnownFileType = folder.assetcatalog; name = Images.xcassets; path = SuperCanteen/Images.xcassets; sourceTree = "<group>"; };
		13B07FB61A68108700A75B9A /* Info.plist */ = {isa = PBXFileReference; fileEncoding = 4; lastKnownFileType = text.plist.xml; name = Info.plist; path = SuperCanteen/Info.plist; sourceTree = "<group>"; };
		13B07FB81A68108700A75B9A /* PrivacyInfo.xcprivacy */ = {isa = PBXFileReference; fileEncoding = 4; lastKnownFileType = text.plist.xml; name = PrivacyInfo.xcprivacy; path = SuperCanteen/PrivacyInfo.xcprivacy; sourceTree = "<group>"; };
		3B4392A12AC88292D35C810B /* Pods-SuperCanteen.debug.xcconfig */ = {isa = PBXFileReference; includeInIndex = 1; lastKnownFileType = text.xcconfig; name = "Pods-SuperCanteen.debug.xcconfig"; path = "Target Support Files/Pods-SuperCanteen/Pods-SuperCanteen.debug.xcconfig"; sourceTree = "<group>"; };
		5709B34CF0A7D63546082F79 /* Pods-SuperCanteen.release.xcconfig */ = {isa = PBXFileReference; includeInIndex = 1; lastKnownFileType = text.xcconfig; name = "Pods-SuperCanteen.release.xcconfig"; path = "Target Support Files/Pods-SuperCanteen/Pods-SuperCanteen.release.xcconfig"; sourceTree = "<group>"; };
		5DCACB8F33CDC322A6C60F78 /* libPods-SuperCanteen.a */ = {isa = PBXFileReference; explicitFileType = archive.ar; includeInIndex = 0; path = "libPods-SuperCanteen.a"; sourceTree = BUILT_PRODUCTS_DIR; };
		761780EC2CA45674006654EE /* AppDelegate.swift */ = {isa = PBXFileReference; lastKnownFileType = sourcecode.swift; name = AppDelegate.swift; path = SuperCanteen/AppDelegate.swift; sourceTree = "<group>"; };
		81AB9BB72411601600AC10FF /* LaunchScreen.storyboard */ = {isa = PBXFileReference; fileEncoding = 4; lastKnownFileType = file.storyboard; name = LaunchScreen.storyboard; path = SuperCanteen/LaunchScreen.storyboard; sourceTree = "<group>"; };
		ED297162215061F000B7C4FE /* JavaScriptCore.framework */ = {isa = PBXFileReference; lastKnownFileType = wrapper.framework; name = JavaScriptCore.framework; path = System/Library/Frameworks/JavaScriptCore.framework; sourceTree = SDKROOT; };
		7FCB714F59A848D19FB8DC92 /* Inter-Black.otf */ = {isa = PBXFileReference; name = "Inter-Black.otf"; path = "../assets/fonts/Inter-Black.otf"; sourceTree = "<group>"; fileEncoding = undefined; lastKnownFileType = unknown; explicitFileType = undefined; includeInIndex = 0; };
		3658896EC2E044AA9B6A120D /* Inter-BlackItalic.otf */ = {isa = PBXFileReference; name = "Inter-BlackItalic.otf"; path = "../assets/fonts/Inter-BlackItalic.otf"; sourceTree = "<group>"; fileEncoding = undefined; lastKnownFileType = unknown; explicitFileType = undefined; includeInIndex = 0; };
		2D4779DC8D574732887899B5 /* Inter-Bold.otf */ = {isa = PBXFileReference; name = "Inter-Bold.otf"; path = "../assets/fonts/Inter-Bold.otf"; sourceTree = "<group>"; fileEncoding = undefined; lastKnownFileType = unknown; explicitFileType = undefined; includeInIndex = 0; };
		27EA984E36CB4E0E8BD84D86 /* Inter-BoldItalic.otf */ = {isa = PBXFileReference; name = "Inter-BoldItalic.otf"; path = "../assets/fonts/Inter-BoldItalic.otf"; sourceTree = "<group>"; fileEncoding = undefined; lastKnownFileType = unknown; explicitFileType = undefined; includeInIndex = 0; };
		71882E304C384F9AA67CE5BE /* Inter-ExtraBold.otf */ = {isa = PBXFileReference; name = "Inter-ExtraBold.otf"; path = "../assets/fonts/Inter-ExtraBold.otf"; sourceTree = "<group>"; fileEncoding = undefined; lastKnownFileType = unknown; explicitFileType = undefined; includeInIndex = 0; };
		42B22E757F2543E186505DC8 /* Inter-ExtraBoldItalic.otf */ = {isa = PBXFileReference; name = "Inter-ExtraBoldItalic.otf"; path = "../assets/fonts/Inter-ExtraBoldItalic.otf"; sourceTree = "<group>"; fileEncoding = undefined; lastKnownFileType = unknown; explicitFileType = undefined; includeInIndex = 0; };
		9832FC10EA084E3087D52371 /* Inter-ExtraLight-BETA.otf */ = {isa = PBXFileReference; name = "Inter-ExtraLight-BETA.otf"; path = "../assets/fonts/Inter-ExtraLight-BETA.otf"; sourceTree = "<group>"; fileEncoding = undefined; lastKnownFileType = unknown; explicitFileType = undefined; includeInIndex = 0; };
		0A3EF259A0794AC38417788C /* Inter-ExtraLightItalic-BETA.otf */ = {isa = PBXFileReference; name = "Inter-ExtraLightItalic-BETA.otf"; path = "../assets/fonts/Inter-ExtraLightItalic-BETA.otf"; sourceTree = "<group>"; fileEncoding = undefined; lastKnownFileType = unknown; explicitFileType = undefined; includeInIndex = 0; };
		D00AB8B0F7874C18AF36F43A /* Inter-Italic.otf */ = {isa = PBXFileReference; name = "Inter-Italic.otf"; path = "../assets/fonts/Inter-Italic.otf"; sourceTree = "<group>"; fileEncoding = undefined; lastKnownFileType = unknown; explicitFileType = undefined; includeInIndex = 0; };
		2D45A386D6DF44ABA45B5C76 /* Inter-Light-BETA.otf */ = {isa = PBXFileReference; name = "Inter-Light-BETA.otf"; path = "../assets/fonts/Inter-Light-BETA.otf"; sourceTree = "<group>"; fileEncoding = undefined; lastKnownFileType = unknown; explicitFileType = undefined; includeInIndex = 0; };
		7F3CD09DF4494AFBBB9EC788 /* Inter-LightItalic-BETA.otf */ = {isa = PBXFileReference; name = "Inter-LightItalic-BETA.otf"; path = "../assets/fonts/Inter-LightItalic-BETA.otf"; sourceTree = "<group>"; fileEncoding = undefined; lastKnownFileType = unknown; explicitFileType = undefined; includeInIndex = 0; };
		4993B64757F946DFB9CD561C /* Inter-Medium.otf */ = {isa = PBXFileReference; name = "Inter-Medium.otf"; path = "../assets/fonts/Inter-Medium.otf"; sourceTree = "<group>"; fileEncoding = undefined; lastKnownFileType = unknown; explicitFileType = undefined; includeInIndex = 0; };
		DA42F87E50A549B68E1E310C /* Inter-MediumItalic.otf */ = {isa = PBXFileReference; name = "Inter-MediumItalic.otf"; path = "../assets/fonts/Inter-MediumItalic.otf"; sourceTree = "<group>"; fileEncoding = undefined; lastKnownFileType = unknown; explicitFileType = undefined; includeInIndex = 0; };
		B64DF5EA0A984C3F9AE25F99 /* Inter-Regular.otf */ = {isa = PBXFileReference; name = "Inter-Regular.otf"; path = "../assets/fonts/Inter-Regular.otf"; sourceTree = "<group>"; fileEncoding = undefined; lastKnownFileType = unknown; explicitFileType = undefined; includeInIndex = 0; };
		BEF9E54F35F0488EA2AE02E9 /* Inter-SemiBold.otf */ = {isa = PBXFileReference; name = "Inter-SemiBold.otf"; path = "../assets/fonts/Inter-SemiBold.otf"; sourceTree = "<group>"; fileEncoding = undefined; lastKnownFileType = unknown; explicitFileType = undefined; includeInIndex = 0; };
		637445884D864791A1501F89 /* Inter-SemiBoldItalic.otf */ = {isa = PBXFileReference; name = "Inter-SemiBoldItalic.otf"; path = "../assets/fonts/Inter-SemiBoldItalic.otf"; sourceTree = "<group>"; fileEncoding = undefined; lastKnownFileType = unknown; explicitFileType = undefined; includeInIndex = 0; };
		7D10D04AA6B848C6AB471338 /* Inter-Thin-BETA.otf */ = {isa = PBXFileReference; name = "Inter-Thin-BETA.otf"; path = "../assets/fonts/Inter-Thin-BETA.otf"; sourceTree = "<group>"; fileEncoding = undefined; lastKnownFileType = unknown; explicitFileType = undefined; includeInIndex = 0; };
		13E39977725C42F285577B8E /* Inter-ThinItalic-BETA.otf */ = {isa = PBXFileReference; name = "Inter-ThinItalic-BETA.otf"; path = "../assets/fonts/Inter-ThinItalic-BETA.otf"; sourceTree = "<group>"; fileEncoding = undefined; lastKnownFileType = unknown; explicitFileType = undefined; includeInIndex = 0; };
		B1A34E24A0B64C4CA90EC440 /* help-chat.png */ = {isa = PBXFileReference; name = "help-chat.png"; path = "../assets/Background/help-chat.png"; sourceTree = "<group>"; fileEncoding = undefined; lastKnownFileType = unknown; explicitFileType = undefined; includeInIndex = 0; };
		31462F814C0F4D569734EAF3 /* help-order.png */ = {isa = PBXFileReference; name = "help-order.png"; path = "../assets/Background/help-order.png"; sourceTree = "<group>"; fileEncoding = undefined; lastKnownFileType = unknown; explicitFileType = undefined; includeInIndex = 0; };
		55925990CFE64654BA3BB435 /* add_home.png */ = {isa = PBXFileReference; name = "add_home.png"; path = "../assets/Icons/add_home.png"; sourceTree = "<group>"; fileEncoding = undefined; lastKnownFileType = unknown; explicitFileType = undefined; includeInIndex = 0; };
		8CF7F3E35D2744899FCE9B65 /* AlIcons.png */ = {isa = PBXFileReference; name = "AlIcons.png"; path = "../assets/Icons/AlIcons.png"; sourceTree = "<group>"; fileEncoding = undefined; lastKnownFileType = unknown; explicitFileType = undefined; includeInIndex = 0; };
		5383FC5DE6914274A13E2540 /* Bag.png */ = {isa = PBXFileReference; name = "Bag.png"; path = "../assets/Icons/Bag.png"; sourceTree = "<group>"; fileEncoding = undefined; lastKnownFileType = unknown; explicitFileType = undefined; includeInIndex = 0; };
		4F0B961D6A104D73B5F55C80 /* currency_rupee_circle.png */ = {isa = PBXFileReference; name = "currency_rupee_circle.png"; path = "../assets/Icons/currency_rupee_circle.png"; sourceTree = "<group>"; fileEncoding = undefined; lastKnownFileType = unknown; explicitFileType = undefined; includeInIndex = 0; };
		5B480955DA384275A4779E4A /* delivery_truck_speed.png */ = {isa = PBXFileReference; name = "delivery_truck_speed.png"; path = "../assets/Icons/delivery_truck_speed.png"; sourceTree = "<group>"; fileEncoding = undefined; lastKnownFileType = unknown; explicitFileType = undefined; includeInIndex = 0; };
		A6B01B6D83FA40CA9EFFD26A /* deployed_code_account.png */ = {isa = PBXFileReference; name = "deployed_code_account.png"; path = "../assets/Icons/deployed_code_account.png"; sourceTree = "<group>"; fileEncoding = undefined; lastKnownFileType = unknown; explicitFileType = undefined; includeInIndex = 0; };
		A6478394D5C549D9A2FE8A05 /* emptyCart.jpg */ = {isa = PBXFileReference; name = "emptyCart.jpg"; path = "../assets/Icons/emptyCart.jpg"; sourceTree = "<group>"; fileEncoding = undefined; lastKnownFileType = unknown; explicitFileType = undefined; includeInIndex = 0; };
		07B75D7562A547D1BB9FCC4C /* emptyWishlist.jpg */ = {isa = PBXFileReference; name = "emptyWishlist.jpg"; path = "../assets/Icons/emptyWishlist.jpg"; sourceTree = "<group>"; fileEncoding = undefined; lastKnownFileType = unknown; explicitFileType = undefined; includeInIndex = 0; };
		0781D368FE3B419BACE600B7 /* GoogleIcon.png */ = {isa = PBXFileReference; name = "GoogleIcon.png"; path = "../assets/Icons/GoogleIcon.png"; sourceTree = "<group>"; fileEncoding = undefined; lastKnownFileType = unknown; explicitFileType = undefined; includeInIndex = 0; };
		034F450807824CECB16666BC /* money_bag.png */ = {isa = PBXFileReference; name = "money_bag.png"; path = "../assets/Icons/money_bag.png"; sourceTree = "<group>"; fileEncoding = undefined; lastKnownFileType = unknown; explicitFileType = undefined; includeInIndex = 0; };
		192566404F774ED786401A51 /* shopping_cart.png */ = {isa = PBXFileReference; name = "shopping_cart.png"; path = "../assets/Icons/shopping_cart.png"; sourceTree = "<group>"; fileEncoding = undefined; lastKnownFileType = unknown; explicitFileType = undefined; includeInIndex = 0; };
		5FDF98C8BF2442C5BCCB8962 /* account_circle.js */ = {isa = PBXFileReference; name = "account_circle.js"; path = "../assets/Icons/svgIcons/account_circle.js"; sourceTree = "<group>"; fileEncoding = undefined; lastKnownFileType = unknown; explicitFileType = undefined; includeInIndex = 0; };
		5F29FF11657D4354990B146F /* arrow_back.js */ = {isa = PBXFileReference; name = "arrow_back.js"; path = "../assets/Icons/svgIcons/arrow_back.js"; sourceTree = "<group>"; fileEncoding = undefined; lastKnownFileType = unknown; explicitFileType = undefined; includeInIndex = 0; };
		CE7785C966D84A868042A182 /* category.js */ = {isa = PBXFileReference; name = "category.js"; path = "../assets/Icons/svgIcons/category.js"; sourceTree = "<group>"; fileEncoding = undefined; lastKnownFileType = unknown; explicitFileType = undefined; includeInIndex = 0; };
		B86EBBD2678B45BBB7388FFF /* checkBoxIcon.js */ = {isa = PBXFileReference; name = "checkBoxIcon.js"; path = "../assets/Icons/svgIcons/checkBoxIcon.js"; sourceTree = "<group>"; fileEncoding = undefined; lastKnownFileType = unknown; explicitFileType = undefined; includeInIndex = 0; };
		902370D0C32D4D60ABDE3FC3 /* close.js */ = {isa = PBXFileReference; name = "close.js"; path = "../assets/Icons/svgIcons/close.js"; sourceTree = "<group>"; fileEncoding = undefined; lastKnownFileType = unknown; explicitFileType = undefined; includeInIndex = 0; };
		45594E6346FB407C980148B0 /* copy.js */ = {isa = PBXFileReference; name = "copy.js"; path = "../assets/Icons/svgIcons/copy.js"; sourceTree = "<group>"; fileEncoding = undefined; lastKnownFileType = unknown; explicitFileType = undefined; includeInIndex = 0; };
		FB830FCBFAD74EA99B1C88FB /* currencyRupees.js */ = {isa = PBXFileReference; name = "currencyRupees.js"; path = "../assets/Icons/svgIcons/currencyRupees.js"; sourceTree = "<group>"; fileEncoding = undefined; lastKnownFileType = unknown; explicitFileType = undefined; includeInIndex = 0; };
		60CB2B6ED10B4E2EAAB213C4 /* home.js */ = {isa = PBXFileReference; name = "home.js"; path = "../assets/Icons/svgIcons/home.js"; sourceTree = "<group>"; fileEncoding = undefined; lastKnownFileType = unknown; explicitFileType = undefined; includeInIndex = 0; };
		49EF1A364BDA4B9B87CCFDC4 /* orders.js */ = {isa = PBXFileReference; name = "orders.js"; path = "../assets/Icons/svgIcons/orders.js"; sourceTree = "<group>"; fileEncoding = undefined; lastKnownFileType = unknown; explicitFileType = undefined; includeInIndex = 0; };
		CE4FF2EE153E42A585F0187E /* policyIcon.js */ = {isa = PBXFileReference; name = "policyIcon.js"; path = "../assets/Icons/svgIcons/policyIcon.js"; sourceTree = "<group>"; fileEncoding = undefined; lastKnownFileType = unknown; explicitFileType = undefined; includeInIndex = 0; };
		FCE86F0AD9F9447BBF1ECAF9 /* search.js */ = {isa = PBXFileReference; name = "search.js"; path = "../assets/Icons/svgIcons/search.js"; sourceTree = "<group>"; fileEncoding = undefined; lastKnownFileType = unknown; explicitFileType = undefined; includeInIndex = 0; };
		EECFC44C3956423BA73A80E9 /* animation.json */ = {isa = PBXFileReference; name = "animation.json"; path = "../assets/lottie/animation.json"; sourceTree = "<group>"; fileEncoding = undefined; lastKnownFileType = unknown; explicitFileType = undefined; includeInIndex = 0; };
		B3C295B1C9F5452A97445B75 /* notification.json */ = {isa = PBXFileReference; name = "notification.json"; path = "../assets/lottie/notification.json"; sourceTree = "<group>"; fileEncoding = undefined; lastKnownFileType = unknown; explicitFileType = undefined; includeInIndex = 0; };
		192D65C8D7774CD3AED4A7A0 /* shopping.json */ = {isa = PBXFileReference; name = "shopping.json"; path = "../assets/lottie/shopping.json"; sourceTree = "<group>"; fileEncoding = undefined; lastKnownFileType = unknown; explicitFileType = undefined; includeInIndex = 0; };
		63886B9999214832A17DB203 /* success.json */ = {isa = PBXFileReference; name = "success.json"; path = "../assets/lottie/success.json"; sourceTree = "<group>"; fileEncoding = undefined; lastKnownFileType = unknown; explicitFileType = undefined; includeInIndex = 0; };
		4F51EB62B72B4A77AB8BF25A /* no-order.png */ = {isa = PBXFileReference; name = "no-order.png"; path = "../assets/no-order.png"; sourceTree = "<group>"; fileEncoding = undefined; lastKnownFileType = unknown; explicitFileType = undefined; includeInIndex = 0; };
		41A748F157CE4959B865F96C /* OrderPlaced.png */ = {isa = PBXFileReference; name = "OrderPlaced.png"; path = "../assets/OrderPlaced.png"; sourceTree = "<group>"; fileEncoding = undefined; lastKnownFileType = unknown; explicitFileType = undefined; includeInIndex = 0; };
		77BEA2BBF373408286FA5419 /* spalshLogo.png */ = {isa = PBXFileReference; name = "spalshLogo.png"; path = "../assets/spalshLogo.png"; sourceTree = "<group>"; fileEncoding = undefined; lastKnownFileType = unknown; explicitFileType = undefined; includeInIndex = 0; };
/* End PBXFileReference section */

/* Begin PBXFrameworksBuildPhase section */
		13B07F8C1A680F5B00A75B9A /* Frameworks */ = {
			isa = PBXFrameworksBuildPhase;
			buildActionMask = 2147483647;
			files = (
				0C80B921A6F3F58F76C31292 /* libPods-SuperCanteen.a in Frameworks */,
			);
			runOnlyForDeploymentPostprocessing = 0;
		};
/* End PBXFrameworksBuildPhase section */

/* Begin PBXGroup section */
		00E356F01AD99517003FC87E /* Supporting Files */ = {
			isa = PBXGroup;
			children = (
				00E356F11AD99517003FC87E /* Info.plist */,
			);
			name = "Supporting Files";
			sourceTree = "<group>";
		};
		13B07FAE1A68108700A75B9A /* SuperCanteen */ = {
			isa = PBXGroup;
			children = (
				13B07FB51A68108700A75B9A /* Images.xcassets */,
				761780EC2CA45674006654EE /* AppDelegate.swift */,
				13B07FB61A68108700A75B9A /* Info.plist */,
				81AB9BB72411601600AC10FF /* LaunchScreen.storyboard */,
				13B07FB81A68108700A75B9A /* PrivacyInfo.xcprivacy */,
			);
			name = SuperCanteen;
			sourceTree = "<group>";
		};
		2D16E6871FA4F8E400B85C8A /* Frameworks */ = {
			isa = PBXGroup;
			children = (
				ED297162215061F000B7C4FE /* JavaScriptCore.framework */,
				5DCACB8F33CDC322A6C60F78 /* libPods-SuperCanteen.a */,
			);
			name = Frameworks;
			sourceTree = "<group>";
		};
		832341AE1AAA6A7D00B99B32 /* Libraries */ = {
			isa = PBXGroup;
			children = (
			);
			name = Libraries;
			sourceTree = "<group>";
		};
		83CBB9F61A601CBA00E9B192 = {
			isa = PBXGroup;
			children = (
				13B07FAE1A68108700A75B9A /* SuperCanteen */,
				832341AE1AAA6A7D00B99B32 /* Libraries */,
				83CBBA001A601CBA00E9B192 /* Products */,
				2D16E6871FA4F8E400B85C8A /* Frameworks */,
				BBD78D7AC51CEA395F1C20DB /* Pods */,
				405D519EA33049E5B1B28A15 /* Resources */,
			);
			indentWidth = 2;
			sourceTree = "<group>";
			tabWidth = 2;
			usesTabs = 0;
		};
		83CBBA001A601CBA00E9B192 /* Products */ = {
			isa = PBXGroup;
			children = (
				13B07F961A680F5B00A75B9A /* SuperCanteen.app */,
			);
			name = Products;
			sourceTree = "<group>";
		};
		BBD78D7AC51CEA395F1C20DB /* Pods */ = {
			isa = PBXGroup;
			children = (
				3B4392A12AC88292D35C810B /* Pods-SuperCanteen.debug.xcconfig */,
				5709B34CF0A7D63546082F79 /* Pods-SuperCanteen.release.xcconfig */,
			);
			path = Pods;
			sourceTree = "<group>";
		};
		405D519EA33049E5B1B28A15 /* Resources */ = {
			isa = "PBXGroup";
			children = (
				7FCB714F59A848D19FB8DC92 /* Inter-Black.otf */,
				3658896EC2E044AA9B6A120D /* Inter-BlackItalic.otf */,
				2D4779DC8D574732887899B5 /* Inter-Bold.otf */,
				27EA984E36CB4E0E8BD84D86 /* Inter-BoldItalic.otf */,
				71882E304C384F9AA67CE5BE /* Inter-ExtraBold.otf */,
				42B22E757F2543E186505DC8 /* Inter-ExtraBoldItalic.otf */,
				9832FC10EA084E3087D52371 /* Inter-ExtraLight-BETA.otf */,
				0A3EF259A0794AC38417788C /* Inter-ExtraLightItalic-BETA.otf */,
				D00AB8B0F7874C18AF36F43A /* Inter-Italic.otf */,
				2D45A386D6DF44ABA45B5C76 /* Inter-Light-BETA.otf */,
				7F3CD09DF4494AFBBB9EC788 /* Inter-LightItalic-BETA.otf */,
				4993B64757F946DFB9CD561C /* Inter-Medium.otf */,
				DA42F87E50A549B68E1E310C /* Inter-MediumItalic.otf */,
				B64DF5EA0A984C3F9AE25F99 /* Inter-Regular.otf */,
				BEF9E54F35F0488EA2AE02E9 /* Inter-SemiBold.otf */,
				637445884D864791A1501F89 /* Inter-SemiBoldItalic.otf */,
				7D10D04AA6B848C6AB471338 /* Inter-Thin-BETA.otf */,
				13E39977725C42F285577B8E /* Inter-ThinItalic-BETA.otf */,
				B1A34E24A0B64C4CA90EC440 /* help-chat.png */,
				31462F814C0F4D569734EAF3 /* help-order.png */,
				55925990CFE64654BA3BB435 /* add_home.png */,
				8CF7F3E35D2744899FCE9B65 /* AlIcons.png */,
				5383FC5DE6914274A13E2540 /* Bag.png */,
				4F0B961D6A104D73B5F55C80 /* currency_rupee_circle.png */,
				5B480955DA384275A4779E4A /* delivery_truck_speed.png */,
				A6B01B6D83FA40CA9EFFD26A /* deployed_code_account.png */,
				A6478394D5C549D9A2FE8A05 /* emptyCart.jpg */,
				07B75D7562A547D1BB9FCC4C /* emptyWishlist.jpg */,
				0781D368FE3B419BACE600B7 /* GoogleIcon.png */,
				034F450807824CECB16666BC /* money_bag.png */,
				192566404F774ED786401A51 /* shopping_cart.png */,
				5FDF98C8BF2442C5BCCB8962 /* account_circle.js */,
				5F29FF11657D4354990B146F /* arrow_back.js */,
				CE7785C966D84A868042A182 /* category.js */,
				B86EBBD2678B45BBB7388FFF /* checkBoxIcon.js */,
				902370D0C32D4D60ABDE3FC3 /* close.js */,
				45594E6346FB407C980148B0 /* copy.js */,
				FB830FCBFAD74EA99B1C88FB /* currencyRupees.js */,
				60CB2B6ED10B4E2EAAB213C4 /* home.js */,
				49EF1A364BDA4B9B87CCFDC4 /* orders.js */,
				CE4FF2EE153E42A585F0187E /* policyIcon.js */,
				FCE86F0AD9F9447BBF1ECAF9 /* search.js */,
				EECFC44C3956423BA73A80E9 /* animation.json */,
				B3C295B1C9F5452A97445B75 /* notification.json */,
				192D65C8D7774CD3AED4A7A0 /* shopping.json */,
				63886B9999214832A17DB203 /* success.json */,
				4F51EB62B72B4A77AB8BF25A /* no-order.png */,
				41A748F157CE4959B865F96C /* OrderPlaced.png */,
				77BEA2BBF373408286FA5419 /* spalshLogo.png */,
			);
			name = Resources;
			sourceTree = "<group>";
			path = "";
		};
/* End PBXGroup section */

/* Begin PBXNativeTarget section */
		13B07F861A680F5B00A75B9A /* SuperCanteen */ = {
			isa = PBXNativeTarget;
			buildConfigurationList = 13B07F931A680F5B00A75B9A /* Build configuration list for PBXNativeTarget "SuperCanteen" */;
			buildPhases = (
				C38B50BA6285516D6DCD4F65 /* [CP] Check Pods Manifest.lock */,
				13B07F871A680F5B00A75B9A /* Sources */,
				13B07F8C1A680F5B00A75B9A /* Frameworks */,
				13B07F8E1A680F5B00A75B9A /* Resources */,
				00DD1BFF1BD5951E006B06BC /* Bundle React Native code and images */,
				00EEFC60759A1932668264C0 /* [CP] Embed Pods Frameworks */,
				E235C05ADACE081382539298 /* [CP] Copy Pods Resources */,
			);
			buildRules = (
			);
			dependencies = (
			);
			name = SuperCanteen;
			productName = SuperCanteen;
			productReference = 13B07F961A680F5B00A75B9A /* SuperCanteen.app */;
			productType = "com.apple.product-type.application";
		};
/* End PBXNativeTarget section */

/* Begin PBXProject section */
		83CBB9F71A601CBA00E9B192 /* Project object */ = {
			isa = PBXProject;
			attributes = {
				LastUpgradeCheck = 1210;
				TargetAttributes = {
					13B07F861A680F5B00A75B9A = {
						LastSwiftMigration = 1120;
					};
				};
			};
			buildConfigurationList = 83CBB9FA1A601CBA00E9B192 /* Build configuration list for PBXProject "SuperCanteen" */;
			compatibilityVersion = "Xcode 12.0";
			developmentRegion = en;
			hasScannedForEncodings = 0;
			knownRegions = (
				en,
				Base,
			);
			mainGroup = 83CBB9F61A601CBA00E9B192;
			productRefGroup = 83CBBA001A601CBA00E9B192 /* Products */;
			projectDirPath = "";
			projectRoot = "";
			targets = (
				13B07F861A680F5B00A75B9A /* SuperCanteen */,
			);
		};
/* End PBXProject section */

/* Begin PBXResourcesBuildPhase section */
		00E356EC1AD99517003FC87E /* Resources */ = {
			isa = PBXResourcesBuildPhase;
			buildActionMask = 2147483647;
			files = (
			);
			runOnlyForDeploymentPostprocessing = 0;
		};
		13B07F8E1A680F5B00A75B9A /* Resources */ = {
			isa = PBXResourcesBuildPhase;
			buildActionMask = 2147483647;
			files = (
				81AB9BB82411601600AC10FF /* LaunchScreen.storyboard in Resources */,
				13B07FBF1A68108700A75B9A /* Images.xcassets in Resources */,
				79A9808D3FC0454884C3AD6B /* Inter-Black.otf in Resources */,
				684BC8519261450FA15F1D47 /* Inter-BlackItalic.otf in Resources */,
				20956B66D39B468AAAE3102A /* Inter-Bold.otf in Resources */,
				070D8AA8F76F4406A2B2EA46 /* Inter-BoldItalic.otf in Resources */,
				9AD68C13B3B24CDB9600E586 /* Inter-ExtraBold.otf in Resources */,
				872341B67F284D4C87106AEC /* Inter-ExtraBoldItalic.otf in Resources */,
				986C1A52CE57426B82719D41 /* Inter-ExtraLight-BETA.otf in Resources */,
				31C1DB5E0709460D8C5AF68D /* Inter-ExtraLightItalic-BETA.otf in Resources */,
				C6EA9451C4964F86B8173BE9 /* Inter-Italic.otf in Resources */,
				A5C056FBE99F45479243632A /* Inter-Light-BETA.otf in Resources */,
				1B4C3FC066F242A5A33489A1 /* Inter-LightItalic-BETA.otf in Resources */,
				BB1C03863EC44C99AAA7C64F /* Inter-Medium.otf in Resources */,
				84E8642979374EB28B04A742 /* Inter-MediumItalic.otf in Resources */,
				157BF5ECEF644F59945DCEA5 /* Inter-Regular.otf in Resources */,
				C419FD0E96FE49FE9B7580A2 /* Inter-SemiBold.otf in Resources */,
				238B655FD1C844D693C7DC59 /* Inter-SemiBoldItalic.otf in Resources */,
				EC8957BCB05C40178277B548 /* Inter-Thin-BETA.otf in Resources */,
				761A7168928744038364E96E /* Inter-ThinItalic-BETA.otf in Resources */,
				71B43347222A436D852D0295 /* help-chat.png in Resources */,
				0EF8E42C139944ABB87E682B /* help-order.png in Resources */,
				6F1AC13551B34471A4860921 /* add_home.png in Resources */,
				9577A7D982724DC6B934DCD8 /* AlIcons.png in Resources */,
				29775989F5E347838B8B8E21 /* Bag.png in Resources */,
				6CBDA2C7C9E94968BE297BF8 /* currency_rupee_circle.png in Resources */,
				0571E10105D44C4BB85ECC58 /* delivery_truck_speed.png in Resources */,
				B445A77658E84C0580023905 /* deployed_code_account.png in Resources */,
				AE57B31E133C4A1E91E9C91F /* emptyCart.jpg in Resources */,
				3AFF6D68CF98418A8C44F01A /* emptyWishlist.jpg in Resources */,
				8C61CF5942E843C5B8370B17 /* GoogleIcon.png in Resources */,
				218B7707E29F497BBA1D0314 /* money_bag.png in Resources */,
				278EA9046B4F4DFC82BD0B7E /* shopping_cart.png in Resources */,
				6567975745E941369B891D4A /* account_circle.js in Resources */,
				BF5AE03E35214C88A2534053 /* arrow_back.js in Resources */,
				FF92DFFD41774A5CA3D5240D /* category.js in Resources */,
				197B355977CA4BA39F7B590C /* checkBoxIcon.js in Resources */,
				C8AFEF58D4774F36A159A58B /* close.js in Resources */,
				725FD5C5F33D4B2F9B205BEC /* copy.js in Resources */,
				9A0423C46B36490BBAB8BBFF /* currencyRupees.js in Resources */,
				5E49E5A8BECC40EDB2C97D61 /* home.js in Resources */,
				12A08FCAE7B1409C96AF4B6C /* orders.js in Resources */,
				BD2633A6CD1B4D4EAA0231D1 /* policyIcon.js in Resources */,
				C2C4643867684A4C829CAED3 /* search.js in Resources */,
				A75AF6AA08F54FB582D78AEE /* animation.json in Resources */,
				1E6FB11CC8A04A4E87091637 /* notification.json in Resources */,
				6266AD2B40B847569EF15B76 /* shopping.json in Resources */,
				8BB9BCBA0DB242D2B2086955 /* success.json in Resources */,
				55AB47CCF197400F8A890F38 /* no-order.png in Resources */,
				38C417B3A38D41F38DFA2EFB /* OrderPlaced.png in Resources */,
				461D2DDC41214FCEB1C449DD /* spalshLogo.png in Resources */,
			);
			runOnlyForDeploymentPostprocessing = 0;
		};
/* End PBXResourcesBuildPhase section */

/* Begin PBXShellScriptBuildPhase section */
		00DD1BFF1BD5951E006B06BC /* Bundle React Native code and images */ = {
			isa = PBXShellScriptBuildPhase;
			buildActionMask = 2147483647;
			files = (
			);
			inputPaths = (
				"$(SRCROOT)/.xcode.env.local",
				"$(SRCROOT)/.xcode.env",
			);
			name = "Bundle React Native code and images";
			outputPaths = (
			);
			runOnlyForDeploymentPostprocessing = 0;
			shellPath = /bin/sh;
			shellScript = "set -e\n\nWITH_ENVIRONMENT=\"$REACT_NATIVE_PATH/scripts/xcode/with-environment.sh\"\nREACT_NATIVE_XCODE=\"$REACT_NATIVE_PATH/scripts/react-native-xcode.sh\"\n\n/bin/sh -c \"$WITH_ENVIRONMENT $REACT_NATIVE_XCODE\"\n";
		};
		00EEFC60759A1932668264C0 /* [CP] Embed Pods Frameworks */ = {
			isa = PBXShellScriptBuildPhase;
			buildActionMask = 2147483647;
			files = (
			);
			inputFileListPaths = (
				"${PODS_ROOT}/Target Support Files/Pods-SuperCanteen/Pods-SuperCanteen-frameworks-${CONFIGURATION}-input-files.xcfilelist",
			);
			name = "[CP] Embed Pods Frameworks";
			outputFileListPaths = (
				"${PODS_ROOT}/Target Support Files/Pods-SuperCanteen/Pods-SuperCanteen-frameworks-${CONFIGURATION}-output-files.xcfilelist",
			);
			runOnlyForDeploymentPostprocessing = 0;
			shellPath = /bin/sh;
			shellScript = "\"${PODS_ROOT}/Target Support Files/Pods-SuperCanteen/Pods-SuperCanteen-frameworks.sh\"\n";
			showEnvVarsInLog = 0;
		};
		C38B50BA6285516D6DCD4F65 /* [CP] Check Pods Manifest.lock */ = {
			isa = PBXShellScriptBuildPhase;
			buildActionMask = 2147483647;
			files = (
			);
			inputFileListPaths = (
			);
			inputPaths = (
				"${PODS_PODFILE_DIR_PATH}/Podfile.lock",
				"${PODS_ROOT}/Manifest.lock",
			);
			name = "[CP] Check Pods Manifest.lock";
			outputFileListPaths = (
			);
			outputPaths = (
				"$(DERIVED_FILE_DIR)/Pods-SuperCanteen-checkManifestLockResult.txt",
			);
			runOnlyForDeploymentPostprocessing = 0;
			shellPath = /bin/sh;
			shellScript = "diff \"${PODS_PODFILE_DIR_PATH}/Podfile.lock\" \"${PODS_ROOT}/Manifest.lock\" > /dev/null\nif [ $? != 0 ] ; then\n    # print error to STDERR\n    echo \"error: The sandbox is not in sync with the Podfile.lock. Run 'pod install' or update your CocoaPods installation.\" >&2\n    exit 1\nfi\n# This output is used by Xcode 'outputs' to avoid re-running this script phase.\necho \"SUCCESS\" > \"${SCRIPT_OUTPUT_FILE_0}\"\n";
			showEnvVarsInLog = 0;
		};
		E235C05ADACE081382539298 /* [CP] Copy Pods Resources */ = {
			isa = PBXShellScriptBuildPhase;
			buildActionMask = 2147483647;
			files = (
			);
			inputFileListPaths = (
				"${PODS_ROOT}/Target Support Files/Pods-SuperCanteen/Pods-SuperCanteen-resources-${CONFIGURATION}-input-files.xcfilelist",
			);
			name = "[CP] Copy Pods Resources";
			outputFileListPaths = (
				"${PODS_ROOT}/Target Support Files/Pods-SuperCanteen/Pods-SuperCanteen-resources-${CONFIGURATION}-output-files.xcfilelist",
			);
			runOnlyForDeploymentPostprocessing = 0;
			shellPath = /bin/sh;
			shellScript = "\"${PODS_ROOT}/Target Support Files/Pods-SuperCanteen/Pods-SuperCanteen-resources.sh\"\n";
			showEnvVarsInLog = 0;
		};
/* End PBXShellScriptBuildPhase section */

/* Begin PBXSourcesBuildPhase section */
		13B07F871A680F5B00A75B9A /* Sources */ = {
			isa = PBXSourcesBuildPhase;
			buildActionMask = 2147483647;
			files = (
				761780ED2CA45674006654EE /* AppDelegate.swift in Sources */,
			);
			runOnlyForDeploymentPostprocessing = 0;
		};
/* End PBXSourcesBuildPhase section */

/* Begin PBXTargetDependency section */
		00E356F51AD99517003FC87E /* PBXTargetDependency */ = {
			isa = PBXTargetDependency;
			target = 13B07F861A680F5B00A75B9A /* SuperCanteen */;
			targetProxy = 00E356F41AD99517003FC87E /* PBXContainerItemProxy */;
		};
/* End PBXTargetDependency section */

/* Begin XCBuildConfiguration section */
		13B07F941A680F5B00A75B9A /* Debug */ = {
			isa = XCBuildConfiguration;
			baseConfigurationReference = 3B4392A12AC88292D35C810B /* Pods-SuperCanteen.debug.xcconfig */;
			buildSettings = {
				ASSETCATALOG_COMPILER_APPICON_NAME = AppIcon;
				CLANG_ENABLE_MODULES = YES;
				CURRENT_PROJECT_VERSION = 1;
				ENABLE_BITCODE = NO;
				INFOPLIST_FILE = SuperCanteen/Info.plist;
				IPHONEOS_DEPLOYMENT_TARGET = 15.1;
				LD_RUNPATH_SEARCH_PATHS = (
					"$(inherited)",
					"@executable_path/Frameworks",
				);
				MARKETING_VERSION = 1.0;
				OTHER_LDFLAGS = (
					"$(inherited)",
					"-ObjC",
					"-lc++",
				);
				PRODUCT_BUNDLE_IDENTIFIER = "org.reactjs.native.example.$(PRODUCT_NAME:rfc1034identifier)";
				PRODUCT_NAME = SuperCanteen;
				SWIFT_OPTIMIZATION_LEVEL = "-Onone";
				SWIFT_VERSION = 5.0;
				VERSIONING_SYSTEM = "apple-generic";
			};
			name = Debug;
		};
		13B07F951A680F5B00A75B9A /* Release */ = {
			isa = XCBuildConfiguration;
			baseConfigurationReference = 5709B34CF0A7D63546082F79 /* Pods-SuperCanteen.release.xcconfig */;
			buildSettings = {
				ASSETCATALOG_COMPILER_APPICON_NAME = AppIcon;
				CLANG_ENABLE_MODULES = YES;
				CURRENT_PROJECT_VERSION = 1;
				INFOPLIST_FILE = SuperCanteen/Info.plist;
				IPHONEOS_DEPLOYMENT_TARGET = 15.1;
				LD_RUNPATH_SEARCH_PATHS = (
					"$(inherited)",
					"@executable_path/Frameworks",
				);
				MARKETING_VERSION = 1.0;
				OTHER_LDFLAGS = (
					"$(inherited)",
					"-ObjC",
					"-lc++",
				);
				PRODUCT_BUNDLE_IDENTIFIER = "org.reactjs.native.example.$(PRODUCT_NAME:rfc1034identifier)";
				PRODUCT_NAME = SuperCanteen;
				SWIFT_VERSION = 5.0;
				VERSIONING_SYSTEM = "apple-generic";
			};
			name = Release;
		};
		83CBBA201A601CBA00E9B192 /* Debug */ = {
			isa = XCBuildConfiguration;
			buildSettings = {
				ALWAYS_SEARCH_USER_PATHS = NO;
				CLANG_ANALYZER_LOCALIZABILITY_NONLOCALIZED = YES;
				CLANG_CXX_LANGUAGE_STANDARD = "c++20";
				CLANG_CXX_LIBRARY = "libc++";
				CLANG_ENABLE_MODULES = YES;
				CLANG_ENABLE_OBJC_ARC = YES;
				CLANG_WARN_BLOCK_CAPTURE_AUTORELEASING = YES;
				CLANG_WARN_BOOL_CONVERSION = YES;
				CLANG_WARN_COMMA = YES;
				CLANG_WARN_CONSTANT_CONVERSION = YES;
				CLANG_WARN_DEPRECATED_OBJC_IMPLEMENTATIONS = YES;
				CLANG_WARN_DIRECT_OBJC_ISA_USAGE = YES_ERROR;
				CLANG_WARN_EMPTY_BODY = YES;
				CLANG_WARN_ENUM_CONVERSION = YES;
				CLANG_WARN_INFINITE_RECURSION = YES;
				CLANG_WARN_INT_CONVERSION = YES;
				CLANG_WARN_NON_LITERAL_NULL_CONVERSION = YES;
				CLANG_WARN_OBJC_IMPLICIT_RETAIN_SELF = YES;
				CLANG_WARN_OBJC_LITERAL_CONVERSION = YES;
				CLANG_WARN_OBJC_ROOT_CLASS = YES_ERROR;
				CLANG_WARN_QUOTED_INCLUDE_IN_FRAMEWORK_HEADER = YES;
				CLANG_WARN_RANGE_LOOP_ANALYSIS = YES;
				CLANG_WARN_STRICT_PROTOTYPES = YES;
				CLANG_WARN_SUSPICIOUS_MOVE = YES;
				CLANG_WARN_UNREACHABLE_CODE = YES;
				CLANG_WARN__DUPLICATE_METHOD_MATCH = YES;
				"CODE_SIGN_IDENTITY[sdk=iphoneos*]" = "iPhone Developer";
				COPY_PHASE_STRIP = NO;
				ENABLE_STRICT_OBJC_MSGSEND = YES;
				ENABLE_TESTABILITY = YES;
				"EXCLUDED_ARCHS[sdk=iphonesimulator*]" = "";
				GCC_C_LANGUAGE_STANDARD = gnu99;
				GCC_DYNAMIC_NO_PIC = NO;
				GCC_NO_COMMON_BLOCKS = YES;
				GCC_OPTIMIZATION_LEVEL = 0;
				GCC_PREPROCESSOR_DEFINITIONS = (
					"DEBUG=1",
					"$(inherited)",
				);
				GCC_SYMBOLS_PRIVATE_EXTERN = NO;
				GCC_WARN_64_TO_32_BIT_CONVERSION = YES;
				GCC_WARN_ABOUT_RETURN_TYPE = YES_ERROR;
				GCC_WARN_UNDECLARED_SELECTOR = YES;
				GCC_WARN_UNINITIALIZED_AUTOS = YES_AGGRESSIVE;
				GCC_WARN_UNUSED_FUNCTION = YES;
				GCC_WARN_UNUSED_VARIABLE = YES;
				IPHONEOS_DEPLOYMENT_TARGET = 15.1;
				LD_RUNPATH_SEARCH_PATHS = (
					/usr/lib/swift,
					"$(inherited)",
				);
				LIBRARY_SEARCH_PATHS = (
					"\"$(SDKROOT)/usr/lib/swift\"",
					"\"$(TOOLCHAIN_DIR)/usr/lib/swift/$(PLATFORM_NAME)\"",
					"\"$(inherited)\"",
				);
				MTL_ENABLE_DEBUG_INFO = YES;
				ONLY_ACTIVE_ARCH = YES;
				OTHER_CPLUSPLUSFLAGS = (
					"$(OTHER_CFLAGS)",
					"-DFOLLY_NO_CONFIG",
					"-DFOLLY_MOBILE=1",
					"-DFOLLY_USE_LIBCPP=1",
					"-DFOLLY_CFG_NO_COROUTINES=1",
					"-DFOLLY_HAVE_CLOCK_GETTIME=1",
				);
				SDKROOT = iphoneos;
			};
			name = Debug;
		};
		83CBBA211A601CBA00E9B192 /* Release */ = {
			isa = XCBuildConfiguration;
			buildSettings = {
				ALWAYS_SEARCH_USER_PATHS = NO;
				CLANG_ANALYZER_LOCALIZABILITY_NONLOCALIZED = YES;
				CLANG_CXX_LANGUAGE_STANDARD = "c++20";
				CLANG_CXX_LIBRARY = "libc++";
				CLANG_ENABLE_MODULES = YES;
				CLANG_ENABLE_OBJC_ARC = YES;
				CLANG_WARN_BLOCK_CAPTURE_AUTORELEASING = YES;
				CLANG_WARN_BOOL_CONVERSION = YES;
				CLANG_WARN_COMMA = YES;
				CLANG_WARN_CONSTANT_CONVERSION = YES;
				CLANG_WARN_DEPRECATED_OBJC_IMPLEMENTATIONS = YES;
				CLANG_WARN_DIRECT_OBJC_ISA_USAGE = YES_ERROR;
				CLANG_WARN_EMPTY_BODY = YES;
				CLANG_WARN_ENUM_CONVERSION = YES;
				CLANG_WARN_INFINITE_RECURSION = YES;
				CLANG_WARN_INT_CONVERSION = YES;
				CLANG_WARN_NON_LITERAL_NULL_CONVERSION = YES;
				CLANG_WARN_OBJC_IMPLICIT_RETAIN_SELF = YES;
				CLANG_WARN_OBJC_LITERAL_CONVERSION = YES;
				CLANG_WARN_OBJC_ROOT_CLASS = YES_ERROR;
				CLANG_WARN_QUOTED_INCLUDE_IN_FRAMEWORK_HEADER = YES;
				CLANG_WARN_RANGE_LOOP_ANALYSIS = YES;
				CLANG_WARN_STRICT_PROTOTYPES = YES;
				CLANG_WARN_SUSPICIOUS_MOVE = YES;
				CLANG_WARN_UNREACHABLE_CODE = YES;
				CLANG_WARN__DUPLICATE_METHOD_MATCH = YES;
				"CODE_SIGN_IDENTITY[sdk=iphoneos*]" = "iPhone Developer";
				COPY_PHASE_STRIP = YES;
				ENABLE_NS_ASSERTIONS = NO;
				ENABLE_STRICT_OBJC_MSGSEND = YES;
				"EXCLUDED_ARCHS[sdk=iphonesimulator*]" = "";
				GCC_C_LANGUAGE_STANDARD = gnu99;
				GCC_NO_COMMON_BLOCKS = YES;
				GCC_WARN_64_TO_32_BIT_CONVERSION = YES;
				GCC_WARN_ABOUT_RETURN_TYPE = YES_ERROR;
				GCC_WARN_UNDECLARED_SELECTOR = YES;
				GCC_WARN_UNINITIALIZED_AUTOS = YES_AGGRESSIVE;
				GCC_WARN_UNUSED_FUNCTION = YES;
				GCC_WARN_UNUSED_VARIABLE = YES;
				IPHONEOS_DEPLOYMENT_TARGET = 15.1;
				LD_RUNPATH_SEARCH_PATHS = (
					/usr/lib/swift,
					"$(inherited)",
				);
				LIBRARY_SEARCH_PATHS = (
					"\"$(SDKROOT)/usr/lib/swift\"",
					"\"$(TOOLCHAIN_DIR)/usr/lib/swift/$(PLATFORM_NAME)\"",
					"\"$(inherited)\"",
				);
				MTL_ENABLE_DEBUG_INFO = NO;
				OTHER_CPLUSPLUSFLAGS = (
					"$(OTHER_CFLAGS)",
					"-DFOLLY_NO_CONFIG",
					"-DFOLLY_MOBILE=1",
					"-DFOLLY_USE_LIBCPP=1",
					"-DFOLLY_CFG_NO_COROUTINES=1",
					"-DFOLLY_HAVE_CLOCK_GETTIME=1",
				);
				SDKROOT = iphoneos;
				VALIDATE_PRODUCT = YES;
			};
			name = Release;
		};
/* End XCBuildConfiguration section */

/* Begin XCConfigurationList section */
		13B07F931A680F5B00A75B9A /* Build configuration list for PBXNativeTarget "SuperCanteen" */ = {
			isa = XCConfigurationList;
			buildConfigurations = (
				13B07F941A680F5B00A75B9A /* Debug */,
				13B07F951A680F5B00A75B9A /* Release */,
			);
			defaultConfigurationIsVisible = 0;
			defaultConfigurationName = Release;
		};
		83CBB9FA1A601CBA00E9B192 /* Build configuration list for PBXProject "SuperCanteen" */ = {
			isa = XCConfigurationList;
			buildConfigurations = (
				83CBBA201A601CBA00E9B192 /* Debug */,
				83CBBA211A601CBA00E9B192 /* Release */,
			);
			defaultConfigurationIsVisible = 0;
			defaultConfigurationName = Release;
		};
/* End XCConfigurationList section */
	};
	rootObject = 83CBB9F71A601CBA00E9B192 /* Project object */;
}
